
Microsoft Visual Studio Solution File, Format Version 11.00
# Visual Studio 2010
Project("{8BC9CEB8-8B4A-11D0-8D11-00A0C91BC942}") = "game360", "game360.vcxproj", "{7B3F1C2A-9D4E-4A61-8F2B-3C7A5E1D06F0}"
EndProject
Global
	GlobalSection(SolutionConfigurationPlatforms) = preSolution
		Debug|Xbox 360 = Debug|Xbox 360
		Release|Xbox 360 = Release|Xbox 360
	EndGlobalSection
	GlobalSection(ProjectConfigurationPlatforms) = postSolution
		{7B3F1C2A-9D4E-4A61-8F2B-3C7A5E1D06F0}.Debug|Xbox 360.ActiveCfg = Debug|Xbox 360
		{7B3F1C2A-9D4E-4A61-8F2B-3C7A5E1D06F0}.Debug|Xbox 360.Build.0 = Debug|Xbox 360
		{7B3F1C2A-9D4E-4A61-8F2B-3C7A5E1D06F0}.Release|Xbox 360.ActiveCfg = Release|Xbox 360
		{7B3F1C2A-9D4E-4A61-8F2B-3C7A5E1D06F0}.Release|Xbox 360.Build.0 = Release|Xbox 360
	EndGlobalSection
	GlobalSection(SolutionProperties) = preSolution
		HideSolutionNode = FALSE
	EndGlobalSection
EndGlobal
